
Microsoft Visual Studio Solution File, Format Version 12.00
# Visual Studio Version 16
VisualStudioVersion = 16.0.29424.173
MinimumVisualStudioVersion = 10.0.40219.1
Project("{FAE04EC0-301F-11D3-BF4B-00C04F79EFBC}") = "ATMC.App.SealerInspection", "ATMC.App.SealerInspection.csproj", "{9F72911F-9499-43F1-88D7-69D8541E7D00}"
EndProject
Global
	GlobalSection(SolutionConfigurationPlatforms) = preSolution
		Debug|Any CPU = Debug|Any CPU
		Release|Any CPU = Release|Any CPU
	EndGlobalSection
	GlobalSection(ProjectConfigurationPlatforms) = postSolution
		{9F72911F-9499-43F1-88D7-69D8541E7D00}.Debug|Any CPU.ActiveCfg = Debug|Any CPU
		{9F72911F-9499-43F1-88D7-69D8541E7D00}.Debug|Any CPU.Build.0 = Debug|Any CPU
		{9F72911F-9499-43F1-88D7-69D8541E7D00}.Release|Any CPU.ActiveCfg = Release|Any CPU
		{9F72911F-9499-43F1-88D7-69D8541E7D00}.Release|Any CPU.Build.0 = Release|Any CPU
	EndGlobalSection
	GlobalSection(SolutionProperties) = preSolution
		HideSolutionNode = FALSE
	EndGlobalSection
	GlobalSection(ExtensibilityGlobals) = postSolution
		SolutionGuid = {58961998-0148-438A-928E-3947B864B6F7}
	EndGlobalSection
EndGlobal
